# generated by rye
# use `rye lock` or `rye sync` to update this lockfile
#
# last locked with the following flags:
#   pre: false
#   features: []
#   all-features: false
#   with-sources: false
#   generate-hashes: false
#   universal: false

-e file:.
absl-py==2.1.0
    # via keras
    # via tensorboard
    # via tensorflow
aiohttp==3.9.5
    # via httpstan
    # via pystan
aiosignal==1.3.1
    # via aiohttp
annotated-types==0.7.0
    # via pydantic
anyio==4.4.0
    # via httpx
    # via jupyter-server
appdirs==1.4.4
    # via httpstan
arch==7.0.0
    # via mvgarch
    # via playground
argon2-cffi==23.1.0
    # via jupyter-server
argon2-cffi-bindings==21.2.0
    # via argon2-cffi
armagarch==1.0.4
    # via playground
arrow==1.3.0
    # via isoduration
arviz==0.19.0
    # via pymc
asttokens==2.4.1
    # via stack-data
astunparse==1.6.3
    # via tensorflow
async-lru==2.0.4
    # via jupyterlab
attrs==23.2.0
    # via aiohttp
    # via cattrs
    # via jsonschema
    # via lsprotocol
    # via referencing
babel==2.15.0
    # via jupyterlab-server
beautifulsoup4==4.12.3
    # via nbconvert
    # via yfinance
black==24.4.2
    # via playground
bleach==6.1.0
    # via nbconvert
cachetools==5.4.0
    # via pymc
cattrs==23.2.3
    # via lsprotocol
    # via pygls
    # via python-lsp-ruff
certifi==2024.7.4
    # via httpcore
    # via httpx
    # via requests
cffi==1.16.0
    # via argon2-cffi-bindings
charset-normalizer==3.3.2
    # via requests
click==8.1.7
    # via black
clikit==0.6.2
    # via pystan
cloudpickle==3.0.0
    # via functime
    # via pymc
comm==0.2.2
    # via ipykernel
    # via ipywidgets
cons==0.4.6
    # via etuples
    # via minikanren
    # via pytensor
contourpy==1.2.1
    # via matplotlib
crashtest==0.3.1
    # via clikit
cycler==0.12.1
    # via matplotlib
cython==3.0.10
    # via pmdarima
debugpy==1.8.2
    # via ipykernel
decorator==5.1.1
    # via ipython
defusedxml==0.7.1
    # via nbconvert
dm-tree==0.1.8
    # via arviz
docstring-to-markdown==0.15
    # via python-lsp-server
et-xmlfile==1.1.0
    # via openpyxl
etuples==0.3.9
    # via minikanren
    # via pytensor
executing==2.0.1
    # via stack-data
fastjsonschema==2.20.0
    # via nbformat
filelock==3.15.4
    # via huggingface-hub
    # via pytensor
    # via torch
    # via triton
flaml==2.1.2
    # via functime
flatbuffers==24.3.25
    # via tensorflow
fonttools==4.53.1
    # via matplotlib
fqdn==1.5.1
    # via jsonschema
frozendict==2.4.4
    # via yfinance
frozenlist==1.4.1
    # via aiohttp
    # via aiosignal
fsspec==2024.6.1
    # via huggingface-hub
    # via torch
functime==0.9.5
    # via playground
gast==0.6.0
    # via tensorflow
google-pasta==0.2.0
    # via tensorflow
grpcio==1.65.1
    # via tensorboard
    # via tensorflow
h11==0.14.0
    # via httpcore
h5netcdf==1.3.0
    # via arviz
h5py==3.11.0
    # via h5netcdf
    # via keras
    # via tensorflow
holidays==0.53
    # via functime
html5lib==1.1
    # via yfinance
httpcore==1.0.5
    # via httpx
httpstan==4.13.0
    # via pystan
httpx==0.27.0
    # via jupyterlab
huggingface-hub==0.24.2
    # via playground
idna==3.7
    # via anyio
    # via httpx
    # via jsonschema
    # via requests
    # via yarl
ipykernel==6.29.5
    # via jupyter
    # via jupyter-console
    # via jupyterlab
    # via qtconsole
ipython==8.26.0
    # via ipykernel
    # via ipywidgets
    # via jupyter-console
ipyvue==1.11.1
    # via ipyvuetify
ipyvuetable==0.7.1
    # via playground
ipyvuetify==1.9.4
    # via ipyvuetable
ipywidgets==8.1.3
    # via ipyvue
    # via jupyter
isoduration==20.11.0
    # via jsonschema
jax==0.4.30
    # via playground
jaxlib==0.4.30
    # via jax
jedi==0.19.1
    # via ipython
    # via python-lsp-server
jinja2==3.1.4
    # via jupyter-server
    # via jupyterlab
    # via jupyterlab-server
    # via nbconvert
    # via torch
joblib==1.4.2
    # via pmdarima
    # via scikit-learn
json5==0.9.25
    # via jupyterlab-server
jsonpointer==3.0.0
    # via jsonschema
jsonschema==4.23.0
    # via jupyter-events
    # via jupyterlab-server
    # via nbformat
jsonschema-specifications==2023.12.1
    # via jsonschema
jupyter==1.0.0
    # via playground
jupyter-client==8.6.2
    # via ipykernel
    # via jupyter-console
    # via jupyter-server
    # via nbclient
    # via qtconsole
jupyter-console==6.6.3
    # via jupyter
jupyter-core==5.7.2
    # via ipykernel
    # via jupyter-client
    # via jupyter-console
    # via jupyter-server
    # via jupyterlab
    # via nbclient
    # via nbconvert
    # via nbformat
    # via qtconsole
jupyter-events==0.10.0
    # via jupyter-server
jupyter-lsp==2.2.5
    # via jupyterlab
    # via jupyterlab-lsp
jupyter-server==2.14.2
    # via jupyter-lsp
    # via jupyterlab
    # via jupyterlab-code-formatter
    # via jupyterlab-server
    # via notebook
    # via notebook-shim
jupyter-server-terminals==0.5.3
    # via jupyter-server
jupyterlab==4.2.4
    # via jupyterlab-lsp
    # via notebook
jupyterlab-code-formatter==3.0.0
    # via playground
jupyterlab-language-pack-ja-jp==4.2.post1
    # via playground
jupyterlab-lsp==5.1.0
    # via playground
jupyterlab-pygments==0.3.0
    # via nbconvert
jupyterlab-server==2.27.3
    # via jupyterlab
    # via notebook
jupyterlab-widgets==3.0.11
    # via ipywidgets
keras==3.4.1
    # via tensorflow
kiwisolver==1.4.5
    # via matplotlib
libclang==18.1.1
    # via tensorflow
lightgbm==4.5.0
    # via playground
logical-unification==0.4.6
    # via cons
    # via minikanren
    # via pytensor
lsprotocol==2023.0.1
    # via pygls
    # via python-lsp-ruff
    # via ruff-lsp
lxml==5.2.2
    # via yfinance
markdown==3.6
    # via tensorboard
markdown-it-py==3.0.0
    # via rich
markupsafe==2.1.5
    # via jinja2
    # via nbconvert
    # via werkzeug
marshmallow==3.21.3
    # via httpstan
    # via webargs
matplotlib==3.9.1
    # via arviz
    # via matplotlib-fontja
    # via mvgarch
    # via playground
    # via seaborn
matplotlib-fontja==1.0.0
    # via playground
matplotlib-inline==0.1.7
    # via ipykernel
    # via ipython
mdurl==0.1.2
    # via markdown-it-py
mecab-python3==1.0.9
    # via playground
mgarch==0.3.0
    # via playground
minikanren==1.0.3
    # via pytensor
mistune==3.0.2
    # via nbconvert
ml-dtypes==0.4.0
    # via jax
    # via jaxlib
    # via keras
    # via tensorflow
mpmath==1.3.0
    # via sympy
multidict==6.0.5
    # via aiohttp
    # via yarl
multipledispatch==1.0.0
    # via etuples
    # via logical-unification
    # via minikanren
multitasking==0.0.11
    # via yfinance
mvgarch==1.0.1
    # via playground
mypy-extensions==1.0.0
    # via black
namex==0.0.8
    # via keras
nbclient==0.10.0
    # via nbconvert
nbconvert==7.16.4
    # via jupyter
    # via jupyter-server
nbformat==5.10.4
    # via jupyter-server
    # via nbclient
    # via nbconvert
nest-asyncio==1.6.0
    # via ipykernel
networkx==3.3
    # via torch
notebook==7.2.1
    # via jupyter
notebook-shim==0.2.4
    # via jupyterlab
    # via notebook
numpy==1.26.4
    # via arch
    # via arviz
    # via contourpy
    # via flaml
    # via functime
    # via h5py
    # via httpstan
    # via jax
    # via jaxlib
    # via keras
    # via lightgbm
    # via matplotlib
    # via mgarch
    # via ml-dtypes
    # via mvgarch
    # via opt-einsum
    # via pandas
    # via patsy
    # via playground
    # via pmdarima
    # via pyarrow
    # via pymc
    # via pystan
    # via pytensor
    # via scikit-learn
    # via scipy
    # via seaborn
    # via statsmodels
    # via tensorboard
    # via tensorflow
    # via xarray
    # via xarray-einstats
    # via yfinance
nvidia-cublas-cu12==12.1.3.1
    # via nvidia-cudnn-cu12
    # via nvidia-cusolver-cu12
    # via torch
nvidia-cuda-cupti-cu12==12.1.105
    # via torch
nvidia-cuda-nvrtc-cu12==12.1.105
    # via torch
nvidia-cuda-runtime-cu12==12.1.105
    # via torch
nvidia-cudnn-cu12==9.1.0.70
    # via torch
nvidia-cufft-cu12==11.0.2.54
    # via torch
nvidia-curand-cu12==10.3.2.106
    # via torch
nvidia-cusolver-cu12==11.4.5.107
    # via torch
nvidia-cusparse-cu12==12.1.0.106
    # via nvidia-cusolver-cu12
    # via torch
nvidia-nccl-cu12==2.20.5
    # via torch
nvidia-nvjitlink-cu12==12.5.82
    # via nvidia-cusolver-cu12
    # via nvidia-cusparse-cu12
nvidia-nvtx-cu12==12.1.105
    # via torch
openpyxl==3.1.5
    # via playground
opt-einsum==3.3.0
    # via jax
    # via tensorflow
optree==0.12.1
    # via keras
overrides==7.7.0
    # via jupyter-server
packaging==24.1
    # via arviz
    # via black
    # via h5netcdf
    # via huggingface-hub
    # via ipykernel
    # via jupyter-server
    # via jupyterlab
    # via jupyterlab-code-formatter
    # via jupyterlab-server
    # via keras
    # via marshmallow
    # via matplotlib
    # via nbconvert
    # via plotly
    # via pmdarima
    # via qtconsole
    # via qtpy
    # via ruff-lsp
    # via statsmodels
    # via tensorflow
    # via webargs
    # via xarray
pandas==2.2.2
    # via arch
    # via arviz
    # via mvgarch
    # via playground
    # via pmdarima
    # via pymc
    # via seaborn
    # via statsmodels
    # via xarray
    # via yfinance
pandocfilters==1.5.1
    # via nbconvert
parso==0.8.4
    # via jedi
pastel==0.2.1
    # via clikit
pathspec==0.12.1
    # via black
patito==0.6.2
    # via playground
patsy==0.5.6
    # via statsmodels
peewee==3.17.6
    # via yfinance
pexpect==4.9.0
    # via ipython
pillow==10.4.0
    # via matplotlib
platformdirs==4.2.2
    # via black
    # via jupyter-core
    # via yfinance
plotly==5.23.0
    # via playground
pluggy==1.5.0
    # via python-lsp-server
pmdarima==2.0.4
    # via mvgarch
polarify==0.2.0
    # via playground
polars==0.20.31
    # via functime
    # via ipyvuetable
    # via patito
    # via playground
    # via polarify
    # via polars-ds
    # via polugins
    # via shirokumas
polars-ds==0.5.0
    # via playground
polugins==0.5.1
    # via playground
prometheus-client==0.20.0
    # via jupyter-server
prompt-toolkit==3.0.47
    # via ipython
    # via jupyter-console
protobuf==4.25.4
    # via tensorboard
    # via tensorflow
psutil==6.0.0
    # via ipykernel
ptyprocess==0.7.0
    # via pexpect
    # via terminado
pure-eval==0.2.3
    # via stack-data
pyarrow==17.0.0
    # via playground
pycparser==2.22
    # via cffi
pydantic==2.8.2
    # via patito
pydantic-core==2.20.1
    # via pydantic
pygls==1.3.1
    # via ruff-lsp
pygments==2.18.0
    # via ipython
    # via jupyter-console
    # via nbconvert
    # via qtconsole
    # via rich
pylev==1.4.0
    # via clikit
pymc==5.16.1
    # via playground
pyparsing==3.1.2
    # via matplotlib
pyper==1.1.2
    # via playground
pysimdjson==6.0.2
    # via pystan
pystan==3.10.0
    # via playground
pytensor==2.23.0
    # via pymc
python-dateutil==2.9.0.post0
    # via arrow
    # via holidays
    # via jupyter-client
    # via matplotlib
    # via pandas
python-json-logger==2.0.7
    # via jupyter-events
python-lsp-jsonrpc==1.1.2
    # via python-lsp-server
python-lsp-ruff==2.2.2
    # via playground
python-lsp-server==1.11.0
    # via playground
    # via python-lsp-ruff
pytz==2024.1
    # via pandas
    # via yfinance
pyyaml==6.0.1
    # via huggingface-hub
    # via jupyter-events
pyzmq==26.0.3
    # via ipykernel
    # via jupyter-client
    # via jupyter-console
    # via jupyter-server
    # via qtconsole
qtconsole==5.5.2
    # via jupyter
qtpy==2.4.1
    # via qtconsole
referencing==0.35.1
    # via jsonschema
    # via jsonschema-specifications
    # via jupyter-events
requests==2.32.3
    # via huggingface-hub
    # via jupyterlab-server
    # via tensorflow
    # via yfinance
rfc3339-validator==0.1.4
    # via jsonschema
    # via jupyter-events
rfc3986-validator==0.1.1
    # via jsonschema
    # via jupyter-events
rich==13.7.1
    # via keras
    # via pymc
rpds-py==0.19.1
    # via jsonschema
    # via referencing
ruff==0.5.5
    # via playground
    # via python-lsp-ruff
    # via ruff-lsp
ruff-lsp==0.0.54
    # via playground
scikit-learn==1.5.1
    # via functime
    # via playground
    # via pmdarima
    # via shirokumas
scipy==1.14.0
    # via arch
    # via arviz
    # via functime
    # via jax
    # via jaxlib
    # via lightgbm
    # via mgarch
    # via mvgarch
    # via playground
    # via pmdarima
    # via pymc
    # via pytensor
    # via scikit-learn
    # via shirokumas
    # via statsmodels
    # via xarray-einstats
seaborn==0.13.2
    # via playground
send2trash==1.8.3
    # via jupyter-server
setuptools==71.1.0
    # via arviz
    # via httpstan
    # via jupyterlab
    # via pmdarima
    # via pystan
    # via pytensor
    # via tensorboard
    # via tensorflow
    # via torch
shirokumas==0.0.3
    # via playground
six==1.16.0
    # via asttokens
    # via astunparse
    # via bleach
    # via google-pasta
    # via html5lib
    # via patsy
    # via python-dateutil
    # via rfc3339-validator
    # via tensorboard
    # via tensorflow
sniffio==1.3.1
    # via anyio
    # via httpx
soupsieve==2.5
    # via beautifulsoup4
stack-data==0.6.3
    # via ipython
statsmodels==0.14.2
    # via arch
    # via playground
    # via pmdarima
sympy==1.13.1
    # via playground
    # via torch
tenacity==8.5.0
    # via plotly
tensorboard==2.17.0
    # via tensorflow
tensorboard-data-server==0.7.2
    # via tensorboard
tensorflow==2.17.0
    # via playground
termcolor==2.4.0
    # via tensorflow
terminado==0.18.1
    # via jupyter-server
    # via jupyter-server-terminals
threadpoolctl==3.5.0
    # via pymc
    # via scikit-learn
tinycss2==1.3.0
    # via nbconvert
tomli==2.0.1
    # via polugins
toolz==0.12.1
    # via logical-unification
    # via minikanren
torch==2.4.0
    # via playground
tornado==6.4.1
    # via ipykernel
    # via jupyter-client
    # via jupyter-server
    # via jupyterlab
    # via notebook
    # via terminado
tqdm==4.66.4
    # via functime
    # via huggingface-hub
traitlets==5.14.3
    # via comm
    # via ipykernel
    # via ipython
    # via ipywidgets
    # via jupyter-client
    # via jupyter-console
    # via jupyter-core
    # via jupyter-events
    # via jupyter-server
    # via jupyterlab
    # via matplotlib-inline
    # via nbclient
    # via nbconvert
    # via nbformat
    # via qtconsole
triton==3.0.0
    # via torch
types-python-dateutil==2.9.0.20240316
    # via arrow
typing-extensions==4.12.2
    # via arviz
    # via huggingface-hub
    # via optree
    # via patito
    # via polugins
    # via pydantic
    # via pydantic-core
    # via pymc
    # via pytensor
    # via ruff-lsp
    # via tensorflow
    # via torch
tzdata==2024.1
    # via pandas
ujson==5.10.0
    # via python-lsp-jsonrpc
    # via python-lsp-server
unidic-lite==1.0.8
    # via playground
uri-template==1.3.0
    # via jsonschema
urllib3==2.2.2
    # via pmdarima
    # via requests
wcwidth==0.2.13
    # via prompt-toolkit
webargs==8.4.0
    # via httpstan
webcolors==24.6.0
    # via jsonschema
webencodings==0.5.1
    # via bleach
    # via html5lib
    # via tinycss2
websocket-client==1.8.0
    # via jupyter-server
werkzeug==3.0.3
    # via tensorboard
wheel==0.43.0
    # via astunparse
widgetsnbextension==4.0.11
    # via ipywidgets
wrapt==1.16.0
    # via tensorflow
xarray==2024.6.0
    # via arviz
    # via playground
    # via xarray-einstats
xarray-einstats==0.7.0
    # via arviz
yarl==1.9.4
    # via aiohttp
yfinance==0.2.41
    # via playground
